
Microsoft Visual Studio Solution File, Format Version 12.00
# Visual Studio Version 17
VisualStudioVersion = 17.11.35222.181
MinimumVisualStudioVersion = 10.0.40219.1
Project("{888888A0-9F3D-457C-B088-3A5042F75D52}") = "EX_Project", "EX_Project\EX_Project.pyproj", "{CFDB08D3-1471-4067-B11D-2487150FC4BA}"
EndProject
Global
	GlobalSection(SolutionConfigurationPlatforms) = preSolution
		Debug|Any CPU = Debug|Any CPU
		Release|Any CPU = Release|Any CPU
	EndGlobalSection
	GlobalSection(ProjectConfigurationPlatforms) = postSolution
		{CFDB08D3-1471-4067-B11D-2487150FC4BA}.Debug|Any CPU.ActiveCfg = Debug|Any CPU
		{CFDB08D3-1471-4067-B11D-2487150FC4BA}.Release|Any CPU.ActiveCfg = Release|Any CPU
	EndGlobalSection
	GlobalSection(SolutionProperties) = preSolution
		HideSolutionNode = FALSE
	EndGlobalSection
	GlobalSection(ExtensibilityGlobals) = postSolution
		SolutionGuid = {972B4108-A0B2-44F1-AFB9-AD300C2A0B4E}
	EndGlobalSection
EndGlobal
